
Microsoft Visual Studio Solution File, Format Version 12.00
# Visual Studio Version 17
VisualStudioVersion = 17.13.35931.197
MinimumVisualStudioVersion = 10.0.40219.1
Project("{8BC9CEB8-8B4A-11D0-8D11-00A0C91BC942}") = "Program", "Program.vcxproj", "{F2C6DB9A-6BC8-4893-9E80-17B0DB837B1C}"
EndProject
Project("{8BC9CEB8-8B4A-11D0-8D11-00A0C91BC942}") = "Class1th (Single Linked List)", "..\Class1th (Single Linked List)\Class1th (Single Linked List).vcxproj", "{66102543-B38A-4B47-9F86-57F603B42CD8}"
EndProject
Project("{8BC9CEB8-8B4A-11D0-8D11-00A0C91BC942}") = "Class2th (Double Linked List)", "..\Class2th (Double Linked List)\Class2th (Double Linked List).vcxproj", "{D295A386-18CF-4710-B768-C3F58A08086A}"
EndProject
Project("{8BC9CEB8-8B4A-11D0-8D11-00A0C91BC942}") = "Class3th (Circle Linked List)", "..\Class3th (Circle Linked List)\Class3th (Circle Linked List).vcxproj", "{D3E420F6-6D00-4A06-849E-2E892D9A6AA2}"
EndProject
Project("{8BC9CEB8-8B4A-11D0-8D11-00A0C91BC942}") = "Class4th (Vector)", "..\Class4th (Vector)\Class4th (Vector).vcxproj", "{F98F784A-347B-4CDB-9F5E-CD5062A9341B}"
EndProject
Project("{8BC9CEB8-8B4A-11D0-8D11-00A0C91BC942}") = "Class5th (Stack)", "..\Class5th (Stack)\Class5th (Stack).vcxproj", "{1EDFF335-6348-4F58-8097-A7C91A3975D9}"
EndProject
Project("{8BC9CEB8-8B4A-11D0-8D11-00A0C91BC942}") = "Class6th (Linear Queue)", "..\Class6th (Linear Queue)\Class6th (Linear Queue).vcxproj", "{671543F0-BCD0-4418-817D-67A7EF9EA59B}"
EndProject
Project("{8BC9CEB8-8B4A-11D0-8D11-00A0C91BC942}") = "Class7th (Circular Queue)", "..\Class7th (Circle Queue)\Class7th (Circle Queue).vcxproj", "{F8716501-E71F-4FDE-960B-45C49B00D8BE}"
EndProject
Project("{8BC9CEB8-8B4A-11D0-8D11-00A0C91BC942}") = "Class8th (Priority Queue)", "..\Class8th (Priority Queue)\Class8th (Priority Queue).vcxproj", "{67E49BCB-276E-44EF-9630-5661E80084EB}"
EndProject
Global
	GlobalSection(SolutionConfigurationPlatforms) = preSolution
		Debug|x64 = Debug|x64
		Debug|x86 = Debug|x86
		Release|x64 = Release|x64
		Release|x86 = Release|x86
	EndGlobalSection
	GlobalSection(ProjectConfigurationPlatforms) = postSolution
		{F2C6DB9A-6BC8-4893-9E80-17B0DB837B1C}.Debug|x64.ActiveCfg = Debug|x64
		{F2C6DB9A-6BC8-4893-9E80-17B0DB837B1C}.Debug|x64.Build.0 = Debug|x64
		{F2C6DB9A-6BC8-4893-9E80-17B0DB837B1C}.Debug|x86.ActiveCfg = Debug|Win32
		{F2C6DB9A-6BC8-4893-9E80-17B0DB837B1C}.Debug|x86.Build.0 = Debug|Win32
		{F2C6DB9A-6BC8-4893-9E80-17B0DB837B1C}.Release|x64.ActiveCfg = Release|x64
		{F2C6DB9A-6BC8-4893-9E80-17B0DB837B1C}.Release|x64.Build.0 = Release|x64
		{F2C6DB9A-6BC8-4893-9E80-17B0DB837B1C}.Release|x86.ActiveCfg = Release|Win32
		{F2C6DB9A-6BC8-4893-9E80-17B0DB837B1C}.Release|x86.Build.0 = Release|Win32
		{66102543-B38A-4B47-9F86-57F603B42CD8}.Debug|x64.ActiveCfg = Debug|x64
		{66102543-B38A-4B47-9F86-57F603B42CD8}.Debug|x64.Build.0 = Debug|x64
		{66102543-B38A-4B47-9F86-57F603B42CD8}.Debug|x86.ActiveCfg = Debug|Win32
		{66102543-B38A-4B47-9F86-57F603B42CD8}.Debug|x86.Build.0 = Debug|Win32
		{66102543-B38A-4B47-9F86-57F603B42CD8}.Release|x64.ActiveCfg = Release|x64
		{66102543-B38A-4B47-9F86-57F603B42CD8}.Release|x64.Build.0 = Release|x64
		{66102543-B38A-4B47-9F86-57F603B42CD8}.Release|x86.ActiveCfg = Release|Win32
		{66102543-B38A-4B47-9F86-57F603B42CD8}.Release|x86.Build.0 = Release|Win32
		{D295A386-18CF-4710-B768-C3F58A08086A}.Debug|x64.ActiveCfg = Debug|x64
		{D295A386-18CF-4710-B768-C3F58A08086A}.Debug|x64.Build.0 = Debug|x64
		{D295A386-18CF-4710-B768-C3F58A08086A}.Debug|x86.ActiveCfg = Debug|Win32
		{D295A386-18CF-4710-B768-C3F58A08086A}.Debug|x86.Build.0 = Debug|Win32
		{D295A386-18CF-4710-B768-C3F58A08086A}.Release|x64.ActiveCfg = Release|x64
		{D295A386-18CF-4710-B768-C3F58A08086A}.Release|x64.Build.0 = Release|x64
		{D295A386-18CF-4710-B768-C3F58A08086A}.Release|x86.ActiveCfg = Release|Win32
		{D295A386-18CF-4710-B768-C3F58A08086A}.Release|x86.Build.0 = Release|Win32
		{D3E420F6-6D00-4A06-849E-2E892D9A6AA2}.Debug|x64.ActiveCfg = Debug|x64
		{D3E420F6-6D00-4A06-849E-2E892D9A6AA2}.Debug|x64.Build.0 = Debug|x64
		{D3E420F6-6D00-4A06-849E-2E892D9A6AA2}.Debug|x86.ActiveCfg = Debug|Win32
		{D3E420F6-6D00-4A06-849E-2E892D9A6AA2}.Debug|x86.Build.0 = Debug|Win32
		{D3E420F6-6D00-4A06-849E-2E892D9A6AA2}.Release|x64.ActiveCfg = Release|x64
		{D3E420F6-6D00-4A06-849E-2E892D9A6AA2}.Release|x64.Build.0 = Release|x64
		{D3E420F6-6D00-4A06-849E-2E892D9A6AA2}.Release|x86.ActiveCfg = Release|Win32
		{D3E420F6-6D00-4A06-849E-2E892D9A6AA2}.Release|x86.Build.0 = Release|Win32
		{F98F784A-347B-4CDB-9F5E-CD5062A9341B}.Debug|x64.ActiveCfg = Debug|x64
		{F98F784A-347B-4CDB-9F5E-CD5062A9341B}.Debug|x64.Build.0 = Debug|x64
		{F98F784A-347B-4CDB-9F5E-CD5062A9341B}.Debug|x86.ActiveCfg = Debug|Win32
		{F98F784A-347B-4CDB-9F5E-CD5062A9341B}.Debug|x86.Build.0 = Debug|Win32
		{F98F784A-347B-4CDB-9F5E-CD5062A9341B}.Release|x64.ActiveCfg = Release|x64
		{F98F784A-347B-4CDB-9F5E-CD5062A9341B}.Release|x64.Build.0 = Release|x64
		{F98F784A-347B-4CDB-9F5E-CD5062A9341B}.Release|x86.ActiveCfg = Release|Win32
		{F98F784A-347B-4CDB-9F5E-CD5062A9341B}.Release|x86.Build.0 = Release|Win32
		{1EDFF335-6348-4F58-8097-A7C91A3975D9}.Debug|x64.ActiveCfg = Debug|x64
		{1EDFF335-6348-4F58-8097-A7C91A3975D9}.Debug|x64.Build.0 = Debug|x64
		{1EDFF335-6348-4F58-8097-A7C91A3975D9}.Debug|x86.ActiveCfg = Debug|Win32
		{1EDFF335-6348-4F58-8097-A7C91A3975D9}.Debug|x86.Build.0 = Debug|Win32
		{1EDFF335-6348-4F58-8097-A7C91A3975D9}.Release|x64.ActiveCfg = Release|x64
		{1EDFF335-6348-4F58-8097-A7C91A3975D9}.Release|x64.Build.0 = Release|x64
		{1EDFF335-6348-4F58-8097-A7C91A3975D9}.Release|x86.ActiveCfg = Release|Win32
		{1EDFF335-6348-4F58-8097-A7C91A3975D9}.Release|x86.Build.0 = Release|Win32
		{671543F0-BCD0-4418-817D-67A7EF9EA59B}.Debug|x64.ActiveCfg = Debug|x64
		{671543F0-BCD0-4418-817D-67A7EF9EA59B}.Debug|x64.Build.0 = Debug|x64
		{671543F0-BCD0-4418-817D-67A7EF9EA59B}.Debug|x86.ActiveCfg = Debug|Win32
		{671543F0-BCD0-4418-817D-67A7EF9EA59B}.Debug|x86.Build.0 = Debug|Win32
		{671543F0-BCD0-4418-817D-67A7EF9EA59B}.Release|x64.ActiveCfg = Release|x64
		{671543F0-BCD0-4418-817D-67A7EF9EA59B}.Release|x64.Build.0 = Release|x64
		{671543F0-BCD0-4418-817D-67A7EF9EA59B}.Release|x86.ActiveCfg = Release|Win32
		{671543F0-BCD0-4418-817D-67A7EF9EA59B}.Release|x86.Build.0 = Release|Win32
		{F8716501-E71F-4FDE-960B-45C49B00D8BE}.Debug|x64.ActiveCfg = Debug|x64
		{F8716501-E71F-4FDE-960B-45C49B00D8BE}.Debug|x64.Build.0 = Debug|x64
		{F8716501-E71F-4FDE-960B-45C49B00D8BE}.Debug|x86.ActiveCfg = Debug|Win32
		{F8716501-E71F-4FDE-960B-45C49B00D8BE}.Debug|x86.Build.0 = Debug|Win32
		{F8716501-E71F-4FDE-960B-45C49B00D8BE}.Release|x64.ActiveCfg = Release|x64
		{F8716501-E71F-4FDE-960B-45C49B00D8BE}.Release|x64.Build.0 = Release|x64
		{F8716501-E71F-4FDE-960B-45C49B00D8BE}.Release|x86.ActiveCfg = Release|Win32
		{F8716501-E71F-4FDE-960B-45C49B00D8BE}.Release|x86.Build.0 = Release|Win32
		{67E49BCB-276E-44EF-9630-5661E80084EB}.Debug|x64.ActiveCfg = Debug|x64
		{67E49BCB-276E-44EF-9630-5661E80084EB}.Debug|x64.Build.0 = Debug|x64
		{67E49BCB-276E-44EF-9630-5661E80084EB}.Debug|x86.ActiveCfg = Debug|Win32
		{67E49BCB-276E-44EF-9630-5661E80084EB}.Debug|x86.Build.0 = Debug|Win32
		{67E49BCB-276E-44EF-9630-5661E80084EB}.Release|x64.ActiveCfg = Release|x64
		{67E49BCB-276E-44EF-9630-5661E80084EB}.Release|x64.Build.0 = Release|x64
		{67E49BCB-276E-44EF-9630-5661E80084EB}.Release|x86.ActiveCfg = Release|Win32
		{67E49BCB-276E-44EF-9630-5661E80084EB}.Release|x86.Build.0 = Release|Win32
	EndGlobalSection
	GlobalSection(SolutionProperties) = preSolution
		HideSolutionNode = FALSE
	EndGlobalSection
	GlobalSection(ExtensibilityGlobals) = postSolution
		SolutionGuid = {85408A0B-2DEE-49C6-BBCA-C2234A0C1A17}
	EndGlobalSection
EndGlobal
